
Microsoft Visual Studio Solution File, Format Version 12.00
# Visual Studio 14
VisualStudioVersion = 14.0.25420.1
MinimumVisualStudioVersion = 10.0.40219.1
Project("{FAE04EC0-301F-11D3-BF4B-00C04F79EFBC}") = "EmergenciasChats.EL", "EmergenciasChats.EL\EmergenciasChats.EL.csproj", "{D0AF33B9-2B3B-4AA9-B1A8-87ED6CDF795B}"
EndProject
Project("{FAE04EC0-301F-11D3-BF4B-00C04F79EFBC}") = "EmergenciasChats.DAL", "EmergenciasChats.DAL\EmergenciasChats.DAL.csproj", "{BFCB8ABA-61D3-4F1B-A6E8-BEA14474E23C}"
EndProject
Project("{FAE04EC0-301F-11D3-BF4B-00C04F79EFBC}") = "EmergenciasChats.WEB", "EmergenciasChats.WEB\EmergenciasChats.WEB.csproj", "{0A57355B-2C47-427A-84FD-D3AAB375AF54}"
EndProject
Project("{FAE04EC0-301F-11D3-BF4B-00C04F79EFBC}") = "EmergenciasChats.BL", "EmergenciasChats.BL\EmergenciasChats.BL.csproj", "{A48E4F75-C401-4F91-B213-E3A262642AB4}"
EndProject
Global
	GlobalSection(SolutionConfigurationPlatforms) = preSolution
		Debug|Any CPU = Debug|Any CPU
		Release|Any CPU = Release|Any CPU
	EndGlobalSection
	GlobalSection(ProjectConfigurationPlatforms) = postSolution
		{D0AF33B9-2B3B-4AA9-B1A8-87ED6CDF795B}.Debug|Any CPU.ActiveCfg = Debug|Any CPU
		{D0AF33B9-2B3B-4AA9-B1A8-87ED6CDF795B}.Debug|Any CPU.Build.0 = Debug|Any CPU
		{D0AF33B9-2B3B-4AA9-B1A8-87ED6CDF795B}.Release|Any CPU.ActiveCfg = Release|Any CPU
		{D0AF33B9-2B3B-4AA9-B1A8-87ED6CDF795B}.Release|Any CPU.Build.0 = Release|Any CPU
		{BFCB8ABA-61D3-4F1B-A6E8-BEA14474E23C}.Debug|Any CPU.ActiveCfg = Debug|Any CPU
		{BFCB8ABA-61D3-4F1B-A6E8-BEA14474E23C}.Debug|Any CPU.Build.0 = Debug|Any CPU
		{BFCB8ABA-61D3-4F1B-A6E8-BEA14474E23C}.Release|Any CPU.ActiveCfg = Release|Any CPU
		{BFCB8ABA-61D3-4F1B-A6E8-BEA14474E23C}.Release|Any CPU.Build.0 = Release|Any CPU
		{0A57355B-2C47-427A-84FD-D3AAB375AF54}.Debug|Any CPU.ActiveCfg = Debug|Any CPU
		{0A57355B-2C47-427A-84FD-D3AAB375AF54}.Debug|Any CPU.Build.0 = Debug|Any CPU
		{0A57355B-2C47-427A-84FD-D3AAB375AF54}.Release|Any CPU.ActiveCfg = Release|Any CPU
		{0A57355B-2C47-427A-84FD-D3AAB375AF54}.Release|Any CPU.Build.0 = Release|Any CPU
		{A48E4F75-C401-4F91-B213-E3A262642AB4}.Debug|Any CPU.ActiveCfg = Debug|Any CPU
		{A48E4F75-C401-4F91-B213-E3A262642AB4}.Debug|Any CPU.Build.0 = Debug|Any CPU
		{A48E4F75-C401-4F91-B213-E3A262642AB4}.Release|Any CPU.ActiveCfg = Release|Any CPU
		{A48E4F75-C401-4F91-B213-E3A262642AB4}.Release|Any CPU.Build.0 = Release|Any CPU
	EndGlobalSection
	GlobalSection(SolutionProperties) = preSolution
		HideSolutionNode = FALSE
	EndGlobalSection
EndGlobal
